
Microsoft Visual Studio Solution File, Format Version 12.00
Project("{FAE04EC0-301F-11D3-BF4B-00C04F79EFBC}") = "IBANConsole", "IBANConsole\IBANConsole.csproj", "{21FB449F-9D82-48DE-A6DD-475B1B7C60B3}"
EndProject
Project("{FAE04EC0-301F-11D3-BF4B-00C04F79EFBC}") = "IBANLib", "IBANLib\IBANLib.csproj", "{4D1E2DCA-AA2B-49E6-9B81-1143FF30B8E2}"
EndProject
Global
	GlobalSection(SolutionConfigurationPlatforms) = preSolution
		Debug|Any CPU = Debug|Any CPU
		Release|Any CPU = Release|Any CPU
	EndGlobalSection
	GlobalSection(ProjectConfigurationPlatforms) = postSolution
		{21FB449F-9D82-48DE-A6DD-475B1B7C60B3}.Debug|Any CPU.ActiveCfg = Debug|Any CPU
		{21FB449F-9D82-48DE-A6DD-475B1B7C60B3}.Debug|Any CPU.Build.0 = Debug|Any CPU
		{21FB449F-9D82-48DE-A6DD-475B1B7C60B3}.Release|Any CPU.ActiveCfg = Release|Any CPU
		{21FB449F-9D82-48DE-A6DD-475B1B7C60B3}.Release|Any CPU.Build.0 = Release|Any CPU
		{4D1E2DCA-AA2B-49E6-9B81-1143FF30B8E2}.Debug|Any CPU.ActiveCfg = Debug|Any CPU
		{4D1E2DCA-AA2B-49E6-9B81-1143FF30B8E2}.Debug|Any CPU.Build.0 = Debug|Any CPU
		{4D1E2DCA-AA2B-49E6-9B81-1143FF30B8E2}.Release|Any CPU.ActiveCfg = Release|Any CPU
		{4D1E2DCA-AA2B-49E6-9B81-1143FF30B8E2}.Release|Any CPU.Build.0 = Release|Any CPU
	EndGlobalSection
EndGlobal
